[[package]]
name = "dot"
version = "0.1.2"
source = "registry+https://github.com/rust-lang/crates.io-index"

[[package]]
name = "rgraph"
version = "0.1.0"
dependencies = [
 "dot 0.1.2 (registry+https://github.com/rust-lang/crates.io-index)",
]

[metadata]
"checksum dot 0.1.2 (registry+https://github.com/rust-lang/crates.io-index)" = "6bad61973e929901dfd6f78054501325546c979692543150055e77e52191a0eb"
